
Microsoft Visual Studio Solution File, Format Version 12.00
# Visual Studio Version 17
VisualStudioVersion = 17.0.31919.166
MinimumVisualStudioVersion = 10.0.40219.1
Project("{FAE04EC0-301F-11D3-BF4B-00C04F79EFBC}") = "01-ByteBank", "01-ByteBank\01-ByteBank.csproj", "{720D9606-6E40-45E6-BF2A-940D91E00EC0}"
EndProject
Project("{FAE04EC0-301F-11D3-BF4B-00C04F79EFBC}") = "02-ByteBank", "02-ByteBank\02-ByteBank.csproj", "{5510BCF9-CBAB-4B39-8E41-84E8285DB773}"
EndProject
Global
	GlobalSection(SolutionConfigurationPlatforms) = preSolution
		Debug|Any CPU = Debug|Any CPU
		Release|Any CPU = Release|Any CPU
	EndGlobalSection
	GlobalSection(ProjectConfigurationPlatforms) = postSolution
		{720D9606-6E40-45E6-BF2A-940D91E00EC0}.Debug|Any CPU.ActiveCfg = Debug|Any CPU
		{720D9606-6E40-45E6-BF2A-940D91E00EC0}.Debug|Any CPU.Build.0 = Debug|Any CPU
		{720D9606-6E40-45E6-BF2A-940D91E00EC0}.Release|Any CPU.ActiveCfg = Release|Any CPU
		{720D9606-6E40-45E6-BF2A-940D91E00EC0}.Release|Any CPU.Build.0 = Release|Any CPU
		{5510BCF9-CBAB-4B39-8E41-84E8285DB773}.Debug|Any CPU.ActiveCfg = Debug|Any CPU
		{5510BCF9-CBAB-4B39-8E41-84E8285DB773}.Debug|Any CPU.Build.0 = Debug|Any CPU
		{5510BCF9-CBAB-4B39-8E41-84E8285DB773}.Release|Any CPU.ActiveCfg = Release|Any CPU
		{5510BCF9-CBAB-4B39-8E41-84E8285DB773}.Release|Any CPU.Build.0 = Release|Any CPU
	EndGlobalSection
	GlobalSection(SolutionProperties) = preSolution
		HideSolutionNode = FALSE
	EndGlobalSection
	GlobalSection(ExtensibilityGlobals) = postSolution
		SolutionGuid = {F10679FA-52B7-4835-889E-5170CFD98DDD}
	EndGlobalSection
EndGlobal
